
Microsoft Visual Studio Solution File, Format Version 12.00
# Visual Studio Version 16
VisualStudioVersion = 16.0.31624.102
MinimumVisualStudioVersion = 10.0.40219.1
Project("{9A19103F-16F7-4668-BE54-9A1E7A4F7556}") = "TodoList_VishalChavda", "TodoList_VishalChavda\TodoList_VishalChavda.csproj", "{D936CB2F-5460-4C7F-980F-ECC25465CDCF}"
EndProject
Global
	GlobalSection(SolutionConfigurationPlatforms) = preSolution
		Debug|Any CPU = Debug|Any CPU
		Release|Any CPU = Release|Any CPU
	EndGlobalSection
	GlobalSection(ProjectConfigurationPlatforms) = postSolution
		{D936CB2F-5460-4C7F-980F-ECC25465CDCF}.Debug|Any CPU.ActiveCfg = Debug|Any CPU
		{D936CB2F-5460-4C7F-980F-ECC25465CDCF}.Debug|Any CPU.Build.0 = Debug|Any CPU
		{D936CB2F-5460-4C7F-980F-ECC25465CDCF}.Release|Any CPU.ActiveCfg = Release|Any CPU
		{D936CB2F-5460-4C7F-980F-ECC25465CDCF}.Release|Any CPU.Build.0 = Release|Any CPU
	EndGlobalSection
	GlobalSection(SolutionProperties) = preSolution
		HideSolutionNode = FALSE
	EndGlobalSection
	GlobalSection(ExtensibilityGlobals) = postSolution
		SolutionGuid = {B68A5BB1-EC9B-4633-AF20-6B8B01AB4913}
	EndGlobalSection
EndGlobal
